
Microsoft Visual Studio Solution File, Format Version 12.00
# Visual Studio 15
VisualStudioVersion = 15.0.28307.106
MinimumVisualStudioVersion = 10.0.40219.1
Project("{FAE04EC0-301F-11D3-BF4B-00C04F79EFBC}") = "ShopBridge", "ShopBridge\ShopBridge.csproj", "{7C0A4224-C856-416A-982E-6335687BC964}"
EndProject
Project("{FAE04EC0-301F-11D3-BF4B-00C04F79EFBC}") = "DAL_ShopBridge", "DAL_ShopBridge\DAL_ShopBridge.csproj", "{BB97FB67-70EA-42CA-A5E5-91B8DE27FA56}"
EndProject
Project("{FAE04EC0-301F-11D3-BF4B-00C04F79EFBC}") = "BAL_ShopBridge", "BAL_ShopBridge\BAL_ShopBridge.csproj", "{D3282024-4601-4D49-9271-05F9E4E935BB}"
EndProject
Global
	GlobalSection(SolutionConfigurationPlatforms) = preSolution
		Debug|Any CPU = Debug|Any CPU
		Release|Any CPU = Release|Any CPU
	EndGlobalSection
	GlobalSection(ProjectConfigurationPlatforms) = postSolution
		{7C0A4224-C856-416A-982E-6335687BC964}.Debug|Any CPU.ActiveCfg = Debug|Any CPU
		{7C0A4224-C856-416A-982E-6335687BC964}.Debug|Any CPU.Build.0 = Debug|Any CPU
		{7C0A4224-C856-416A-982E-6335687BC964}.Release|Any CPU.ActiveCfg = Release|Any CPU
		{7C0A4224-C856-416A-982E-6335687BC964}.Release|Any CPU.Build.0 = Release|Any CPU
		{BB97FB67-70EA-42CA-A5E5-91B8DE27FA56}.Debug|Any CPU.ActiveCfg = Debug|Any CPU
		{BB97FB67-70EA-42CA-A5E5-91B8DE27FA56}.Debug|Any CPU.Build.0 = Debug|Any CPU
		{BB97FB67-70EA-42CA-A5E5-91B8DE27FA56}.Release|Any CPU.ActiveCfg = Release|Any CPU
		{BB97FB67-70EA-42CA-A5E5-91B8DE27FA56}.Release|Any CPU.Build.0 = Release|Any CPU
		{D3282024-4601-4D49-9271-05F9E4E935BB}.Debug|Any CPU.ActiveCfg = Debug|Any CPU
		{D3282024-4601-4D49-9271-05F9E4E935BB}.Debug|Any CPU.Build.0 = Debug|Any CPU
		{D3282024-4601-4D49-9271-05F9E4E935BB}.Release|Any CPU.ActiveCfg = Release|Any CPU
		{D3282024-4601-4D49-9271-05F9E4E935BB}.Release|Any CPU.Build.0 = Release|Any CPU
	EndGlobalSection
	GlobalSection(SolutionProperties) = preSolution
		HideSolutionNode = FALSE
	EndGlobalSection
	GlobalSection(ExtensibilityGlobals) = postSolution
		SolutionGuid = {D1D698D5-7ECF-4949-BED2-6FAB5B44D3A4}
	EndGlobalSection
EndGlobal
